
Microsoft Visual Studio Solution File, Format Version 12.00
# Visual Studio Version 17
VisualStudioVersion = 17.3.32804.467
MinimumVisualStudioVersion = 10.0.40219.1
Project("{FAE04EC0-301F-11D3-BF4B-00C04F79EFBC}") = "Pugger3", "Pugger3.csproj", "{B1BC0167-CE22-4D8D-B1A4-F562A4A02DB1}"
EndProject
Global
	GlobalSection(SolutionConfigurationPlatforms) = preSolution
		Debug|Any CPU = Debug|Any CPU
		Release|Any CPU = Release|Any CPU
	EndGlobalSection
	GlobalSection(ProjectConfigurationPlatforms) = postSolution
		{B1BC0167-CE22-4D8D-B1A4-F562A4A02DB1}.Debug|Any CPU.ActiveCfg = Debug|Any CPU
		{B1BC0167-CE22-4D8D-B1A4-F562A4A02DB1}.Debug|Any CPU.Build.0 = Debug|Any CPU
		{B1BC0167-CE22-4D8D-B1A4-F562A4A02DB1}.Release|Any CPU.ActiveCfg = Release|Any CPU
		{B1BC0167-CE22-4D8D-B1A4-F562A4A02DB1}.Release|Any CPU.Build.0 = Release|Any CPU
	EndGlobalSection
	GlobalSection(SolutionProperties) = preSolution
		HideSolutionNode = FALSE
	EndGlobalSection
	GlobalSection(ExtensibilityGlobals) = postSolution
		SolutionGuid = {A0D910B4-E7BC-490C-AA34-E04BFA44F947}
	EndGlobalSection
EndGlobal
